
Microsoft Visual Studio Solution File, Format Version 12.00
# Visual Studio Version 16
VisualStudioVersion = 16.0.32929.386
MinimumVisualStudioVersion = 10.0.40219.1
Project("{8BC9CEB8-8B4A-11D0-8D11-00A0C91BC942}") = "递归", "递归.vcxproj", "{42C533E6-10D1-4653-981F-58DA04EE71F6}"
EndProject
Global
	GlobalSection(SolutionConfigurationPlatforms) = preSolution
		Debug|x64 = Debug|x64
		Debug|x86 = Debug|x86
		Release|x64 = Release|x64
		Release|x86 = Release|x86
	EndGlobalSection
	GlobalSection(ProjectConfigurationPlatforms) = postSolution
		{42C533E6-10D1-4653-981F-58DA04EE71F6}.Debug|x64.ActiveCfg = Debug|x64
		{42C533E6-10D1-4653-981F-58DA04EE71F6}.Debug|x64.Build.0 = Debug|x64
		{42C533E6-10D1-4653-981F-58DA04EE71F6}.Debug|x86.ActiveCfg = Debug|Win32
		{42C533E6-10D1-4653-981F-58DA04EE71F6}.Debug|x86.Build.0 = Debug|Win32
		{42C533E6-10D1-4653-981F-58DA04EE71F6}.Release|x64.ActiveCfg = Release|x64
		{42C533E6-10D1-4653-981F-58DA04EE71F6}.Release|x64.Build.0 = Release|x64
		{42C533E6-10D1-4653-981F-58DA04EE71F6}.Release|x86.ActiveCfg = Release|Win32
		{42C533E6-10D1-4653-981F-58DA04EE71F6}.Release|x86.Build.0 = Release|Win32
	EndGlobalSection
	GlobalSection(SolutionProperties) = preSolution
		HideSolutionNode = FALSE
	EndGlobalSection
	GlobalSection(ExtensibilityGlobals) = postSolution
		SolutionGuid = {730E3A15-0D14-4943-B07C-8773400857C9}
	EndGlobalSection
EndGlobal
