
Microsoft Visual Studio Solution File, Format Version 12.00
# Visual Studio Version 16
VisualStudioVersion = 16.0.32106.194
MinimumVisualStudioVersion = 10.0.40219.1
Project("{8BC9CEB8-8B4A-11D0-8D11-00A0C91BC942}") = "初始C语言指针练习.4.11", "初始C语言指针练习.4.11\初始C语言指针练习.4.11.vcxproj", "{EE387526-1E68-440B-AE1B-73E9C4E056B2}"
EndProject
Global
	GlobalSection(SolutionConfigurationPlatforms) = preSolution
		Debug|x64 = Debug|x64
		Debug|x86 = Debug|x86
		Release|x64 = Release|x64
		Release|x86 = Release|x86
	EndGlobalSection
	GlobalSection(ProjectConfigurationPlatforms) = postSolution
		{EE387526-1E68-440B-AE1B-73E9C4E056B2}.Debug|x64.ActiveCfg = Debug|x64
		{EE387526-1E68-440B-AE1B-73E9C4E056B2}.Debug|x64.Build.0 = Debug|x64
		{EE387526-1E68-440B-AE1B-73E9C4E056B2}.Debug|x86.ActiveCfg = Debug|Win32
		{EE387526-1E68-440B-AE1B-73E9C4E056B2}.Debug|x86.Build.0 = Debug|Win32
		{EE387526-1E68-440B-AE1B-73E9C4E056B2}.Release|x64.ActiveCfg = Release|x64
		{EE387526-1E68-440B-AE1B-73E9C4E056B2}.Release|x64.Build.0 = Release|x64
		{EE387526-1E68-440B-AE1B-73E9C4E056B2}.Release|x86.ActiveCfg = Release|Win32
		{EE387526-1E68-440B-AE1B-73E9C4E056B2}.Release|x86.Build.0 = Release|Win32
	EndGlobalSection
	GlobalSection(SolutionProperties) = preSolution
		HideSolutionNode = FALSE
	EndGlobalSection
	GlobalSection(ExtensibilityGlobals) = postSolution
		SolutionGuid = {89151527-8104-49B2-993A-A134429C7B44}
	EndGlobalSection
EndGlobal
